
Microsoft Visual Studio Solution File, Format Version 12.00
# Visual Studio Version 17
VisualStudioVersion = 17.12.35527.113 d17.12
MinimumVisualStudioVersion = 10.0.40219.1
Project("{FAE04EC0-301F-11D3-BF4B-00C04F79EFBC}") = "MiWepAPI", "MiWepAPI\MiWepAPI.csproj", "{6BEB7B2E-E844-4A12-B793-90A2785ED3AD}"
EndProject
Global
	GlobalSection(SolutionConfigurationPlatforms) = preSolution
		Debug|Any CPU = Debug|Any CPU
		Release|Any CPU = Release|Any CPU
	EndGlobalSection
	GlobalSection(ProjectConfigurationPlatforms) = postSolution
		{6BEB7B2E-E844-4A12-B793-90A2785ED3AD}.Debug|Any CPU.ActiveCfg = Debug|Any CPU
		{6BEB7B2E-E844-4A12-B793-90A2785ED3AD}.Debug|Any CPU.Build.0 = Debug|Any CPU
		{6BEB7B2E-E844-4A12-B793-90A2785ED3AD}.Release|Any CPU.ActiveCfg = Release|Any CPU
		{6BEB7B2E-E844-4A12-B793-90A2785ED3AD}.Release|Any CPU.Build.0 = Release|Any CPU
	EndGlobalSection
	GlobalSection(SolutionProperties) = preSolution
		HideSolutionNode = FALSE
	EndGlobalSection
EndGlobal
